
Microsoft Visual Studio Solution File, Format Version 12.00
# Visual Studio 15
VisualStudioVersion = 15.0.28307.572
MinimumVisualStudioVersion = 10.0.40219.1
Project("{9A19103F-16F7-4668-BE54-9A1E7A4F7556}") = "ExceptionWorkflow", "ExceptionWorkflow\ExceptionWorkflow.csproj", "{A2FE4470-0408-4DC0-9CD8-E0A351601DC6}"
EndProject
Project("{9A19103F-16F7-4668-BE54-9A1E7A4F7556}") = "EnglishGrammarWebApp", "EnglishGrammarWebApp\EnglishGrammarWebApp.csproj", "{DFBF7137-6FF5-4C2B-8071-3BF344078643}"
EndProject
Project("{FAE04EC0-301F-11D3-BF4B-00C04F79EFBC}") = "EnglishGrammarWinForms", "EnglishGrammarWinForms\EnglishGrammarWinForms.csproj", "{E3BB3067-3AFC-4B49-9C48-2E7D5713529C}"
EndProject
Project("{9A19103F-16F7-4668-BE54-9A1E7A4F7556}") = "CommonConsoleApp", "CommonConsoleApp\CommonConsoleApp.csproj", "{6BD736DA-B429-4106-9E0B-53A22C1D5F3D}"
EndProject
Global
	GlobalSection(SolutionConfigurationPlatforms) = preSolution
		Debug|Any CPU = Debug|Any CPU
		Debug|x86 = Debug|x86
		Release|Any CPU = Release|Any CPU
		Release|x86 = Release|x86
	EndGlobalSection
	GlobalSection(ProjectConfigurationPlatforms) = postSolution
		{A2FE4470-0408-4DC0-9CD8-E0A351601DC6}.Debug|Any CPU.ActiveCfg = Debug|Any CPU
		{A2FE4470-0408-4DC0-9CD8-E0A351601DC6}.Debug|Any CPU.Build.0 = Debug|Any CPU
		{A2FE4470-0408-4DC0-9CD8-E0A351601DC6}.Debug|x86.ActiveCfg = Debug|Any CPU
		{A2FE4470-0408-4DC0-9CD8-E0A351601DC6}.Debug|x86.Build.0 = Debug|Any CPU
		{A2FE4470-0408-4DC0-9CD8-E0A351601DC6}.Release|Any CPU.ActiveCfg = Release|Any CPU
		{A2FE4470-0408-4DC0-9CD8-E0A351601DC6}.Release|Any CPU.Build.0 = Release|Any CPU
		{A2FE4470-0408-4DC0-9CD8-E0A351601DC6}.Release|x86.ActiveCfg = Release|Any CPU
		{A2FE4470-0408-4DC0-9CD8-E0A351601DC6}.Release|x86.Build.0 = Release|Any CPU
		{DFBF7137-6FF5-4C2B-8071-3BF344078643}.Debug|Any CPU.ActiveCfg = Debug|Any CPU
		{DFBF7137-6FF5-4C2B-8071-3BF344078643}.Debug|Any CPU.Build.0 = Debug|Any CPU
		{DFBF7137-6FF5-4C2B-8071-3BF344078643}.Debug|x86.ActiveCfg = Debug|Any CPU
		{DFBF7137-6FF5-4C2B-8071-3BF344078643}.Debug|x86.Build.0 = Debug|Any CPU
		{DFBF7137-6FF5-4C2B-8071-3BF344078643}.Release|Any CPU.ActiveCfg = Release|Any CPU
		{DFBF7137-6FF5-4C2B-8071-3BF344078643}.Release|Any CPU.Build.0 = Release|Any CPU
		{DFBF7137-6FF5-4C2B-8071-3BF344078643}.Release|x86.ActiveCfg = Release|Any CPU
		{DFBF7137-6FF5-4C2B-8071-3BF344078643}.Release|x86.Build.0 = Release|Any CPU
		{E3BB3067-3AFC-4B49-9C48-2E7D5713529C}.Debug|Any CPU.ActiveCfg = Debug|x86
		{E3BB3067-3AFC-4B49-9C48-2E7D5713529C}.Debug|Any CPU.Build.0 = Debug|x86
		{E3BB3067-3AFC-4B49-9C48-2E7D5713529C}.Debug|x86.ActiveCfg = Debug|x86
		{E3BB3067-3AFC-4B49-9C48-2E7D5713529C}.Debug|x86.Build.0 = Debug|x86
		{E3BB3067-3AFC-4B49-9C48-2E7D5713529C}.Release|Any CPU.ActiveCfg = Release|x86
		{E3BB3067-3AFC-4B49-9C48-2E7D5713529C}.Release|x86.ActiveCfg = Release|x86
		{E3BB3067-3AFC-4B49-9C48-2E7D5713529C}.Release|x86.Build.0 = Release|x86
		{6BD736DA-B429-4106-9E0B-53A22C1D5F3D}.Debug|Any CPU.ActiveCfg = Debug|Any CPU
		{6BD736DA-B429-4106-9E0B-53A22C1D5F3D}.Debug|Any CPU.Build.0 = Debug|Any CPU
		{6BD736DA-B429-4106-9E0B-53A22C1D5F3D}.Debug|x86.ActiveCfg = Debug|Any CPU
		{6BD736DA-B429-4106-9E0B-53A22C1D5F3D}.Debug|x86.Build.0 = Debug|Any CPU
		{6BD736DA-B429-4106-9E0B-53A22C1D5F3D}.Release|Any CPU.ActiveCfg = Release|Any CPU
		{6BD736DA-B429-4106-9E0B-53A22C1D5F3D}.Release|Any CPU.Build.0 = Release|Any CPU
		{6BD736DA-B429-4106-9E0B-53A22C1D5F3D}.Release|x86.ActiveCfg = Release|Any CPU
		{6BD736DA-B429-4106-9E0B-53A22C1D5F3D}.Release|x86.Build.0 = Release|Any CPU
	EndGlobalSection
	GlobalSection(SolutionProperties) = preSolution
		HideSolutionNode = FALSE
	EndGlobalSection
	GlobalSection(ExtensibilityGlobals) = postSolution
		SolutionGuid = {43028489-A7EE-439A-B669-A2F301525E2B}
	EndGlobalSection
EndGlobal
